{
  "nodes": {
    "advisory-db": {
      "flake": false,
      "locked": {
        "lastModified": 1728933535,
        "narHash": "sha256-+EO3jis98fMzG2/JPeFcmWgDxxm4RO0q/TSxiXHoAFs=",
        "owner": "rustsec",
        "repo": "advisory-db",
        "rev": "57c4a0ce3a1a3cdbf9e7eaa16b5441345de50d13",
        "type": "github"
      },
      "original": {
        "owner": "rustsec",
        "repo": "advisory-db",
        "type": "github"
      }
    },
    "crane": {
      "locked": {
        "lastModified": 1728776144,
        "narHash": "sha256-fROVjMcKRoGHofDm8dY3uDUtCMwUICh/KjBFQnuBzfg=",
        "owner": "ipetkov",
        "repo": "crane",
        "rev": "f876e3d905b922502f031aeec1a84490122254b7",
        "type": "github"
      },
      "original": {
        "owner": "ipetkov",
        "repo": "crane",
        "type": "github"
      }
    },
    "fenix": {
      "inputs": {
        "nixpkgs": [
          "nixpkgs"
        ],
        "rust-analyzer-src": "rust-analyzer-src"
      },
      "locked": {
        "lastModified": 1728973961,
        "narHash": "sha256-Jkqaw9O7WXTf5SHrK7xr9HpVU/mEPVg0Sp6s3AENC90=",
        "owner": "nix-community",
        "repo": "fenix",
        "rev": "d6a9ff4d1e60c347a23bc96ccdb058d37a810541",
        "type": "github"
      },
      "original": {
        "owner": "nix-community",
        "repo": "fenix",
        "type": "github"
      }
    },
    "flake-parts": {
      "inputs": {
        "nixpkgs-lib": "nixpkgs-lib"
      },
      "locked": {
        "lastModified": 1727826117,
        "narHash": "sha256-K5ZLCyfO/Zj9mPFldf3iwS6oZStJcU4tSpiXTMYaaL0=",
        "owner": "hercules-ci",
        "repo": "flake-parts",
        "rev": "3d04084d54bedc3d6b8b736c70ef449225c361b1",
        "type": "github"
      },
      "original": {
        "owner": "hercules-ci",
        "repo": "flake-parts",
        "type": "github"
      }
    },
    "flake-utils": {
      "inputs": {
        "systems": "systems"
      },
      "locked": {
        "lastModified": 1726560853,
        "narHash": "sha256-X6rJYSESBVr3hBoH0WbKE5KvhPU5bloyZ2L4K60/fPQ=",
        "owner": "numtide",
        "repo": "flake-utils",
        "rev": "c1dfcf08411b08f6b8615f7d8971a2bfa81d5e8a",
        "type": "github"
      },
      "original": {
        "owner": "numtide",
        "repo": "flake-utils",
        "type": "github"
      }
    },
    "lpi": {
      "inputs": {
        "flake-utils": "flake-utils",
        "nixpkgs": "nixpkgs",
        "rust-overlay": "rust-overlay"
      },
      "locked": {
        "lastModified": 1728993312,
        "narHash": "sha256-Ck/Nlc0a15Zy3qJiGRyUOP9y45k2DOnQTZOQAkgHE3g=",
        "owner": "cymenix",
        "repo": "lpi",
        "rev": "8f7969a3f0bc047fb4e3febd87d5829f026b77f0",
        "type": "github"
      },
      "original": {
        "owner": "cymenix",
        "repo": "lpi",
        "type": "github"
      }
    },
    "nix-filter": {
      "locked": {
        "lastModified": 1710156097,
        "narHash": "sha256-1Wvk8UP7PXdf8bCCaEoMnOT1qe5/Duqgj+rL8sRQsSM=",
        "owner": "numtide",
        "repo": "nix-filter",
        "rev": "3342559a24e85fc164b295c3444e8a139924675b",
        "type": "github"
      },
      "original": {
        "owner": "numtide",
        "repo": "nix-filter",
        "type": "github"
      }
    },
    "nixpkgs": {
      "locked": {
        "lastModified": 1728492678,
        "narHash": "sha256-9UTxR8eukdg+XZeHgxW5hQA9fIKHsKCdOIUycTryeVw=",
        "owner": "NixOS",
        "repo": "nixpkgs",
        "rev": "5633bcff0c6162b9e4b5f1264264611e950c8ec7",
        "type": "github"
      },
      "original": {
        "owner": "NixOS",
        "ref": "nixos-unstable",
        "repo": "nixpkgs",
        "type": "github"
      }
    },
    "nixpkgs-lib": {
      "locked": {
        "lastModified": 1727825735,
        "narHash": "sha256-0xHYkMkeLVQAMa7gvkddbPqpxph+hDzdu1XdGPJR+Os=",
        "type": "tarball",
        "url": "https://github.com/NixOS/nixpkgs/archive/fb192fec7cc7a4c26d51779e9bab07ce6fa5597a.tar.gz"
      },
      "original": {
        "type": "tarball",
        "url": "https://github.com/NixOS/nixpkgs/archive/fb192fec7cc7a4c26d51779e9bab07ce6fa5597a.tar.gz"
      }
    },
    "nixpkgs_2": {
      "locked": {
        "lastModified": 1728492678,
        "narHash": "sha256-9UTxR8eukdg+XZeHgxW5hQA9fIKHsKCdOIUycTryeVw=",
        "owner": "NixOS",
        "repo": "nixpkgs",
        "rev": "5633bcff0c6162b9e4b5f1264264611e950c8ec7",
        "type": "github"
      },
      "original": {
        "owner": "NixOS",
        "ref": "nixos-unstable",
        "repo": "nixpkgs",
        "type": "github"
      }
    },
    "process-compose-flake": {
      "locked": {
        "lastModified": 1728868941,
        "narHash": "sha256-yEMzxZfy+EE9gSqn++SyZeAVHXYupFT8Wyf99Z/CXXU=",
        "owner": "Platonic-Systems",
        "repo": "process-compose-flake",
        "rev": "29301aec92d73c9b075fcfd06a6fb18665bfe6b5",
        "type": "github"
      },
      "original": {
        "owner": "Platonic-Systems",
        "repo": "process-compose-flake",
        "type": "github"
      }
    },
    "root": {
      "inputs": {
        "advisory-db": "advisory-db",
        "crane": "crane",
        "fenix": "fenix",
        "flake-parts": "flake-parts",
        "lpi": "lpi",
        "nix-filter": "nix-filter",
        "nixpkgs": "nixpkgs_2",
        "process-compose-flake": "process-compose-flake",
        "rust-overlay": "rust-overlay_2",
        "services-flake": "services-flake"
      }
    },
    "rust-analyzer-src": {
      "flake": false,
      "locked": {
        "lastModified": 1728921748,
        "narHash": "sha256-BOCZ5osPOMh2BPHnkK4sVdTGj7sn47rBn1nxjrzWe5U=",
        "owner": "rust-lang",
        "repo": "rust-analyzer",
        "rev": "0319586ef2a2636f6d6b891690b7ebebf4337c85",
        "type": "github"
      },
      "original": {
        "owner": "rust-lang",
        "ref": "nightly",
        "repo": "rust-analyzer",
        "type": "github"
      }
    },
    "rust-overlay": {
      "inputs": {
        "nixpkgs": [
          "lpi",
          "nixpkgs"
        ]
      },
      "locked": {
        "lastModified": 1728959392,
        "narHash": "sha256-fp4he1QQjE+vasDMspZYeXrwTm9otwEqLwEN6FKZ5v0=",
        "owner": "oxalica",
        "repo": "rust-overlay",
        "rev": "4c6e317300f05b8871f585b826b6f583e7dc4a9b",
        "type": "github"
      },
      "original": {
        "owner": "oxalica",
        "repo": "rust-overlay",
        "type": "github"
      }
    },
    "rust-overlay_2": {
      "inputs": {
        "nixpkgs": [
          "nixpkgs"
        ]
      },
      "locked": {
        "lastModified": 1728959392,
        "narHash": "sha256-fp4he1QQjE+vasDMspZYeXrwTm9otwEqLwEN6FKZ5v0=",
        "owner": "oxalica",
        "repo": "rust-overlay",
        "rev": "4c6e317300f05b8871f585b826b6f583e7dc4a9b",
        "type": "github"
      },
      "original": {
        "owner": "oxalica",
        "repo": "rust-overlay",
        "type": "github"
      }
    },
    "services-flake": {
      "locked": {
        "lastModified": 1728811751,
        "narHash": "sha256-IrwycNtt6jxJGCi+QJ8Bbzt9flg0vNeGLAR0KBbj4a8=",
        "owner": "juspay",
        "repo": "services-flake",
        "rev": "e9f663036f3b1b1a12b0f136628ef93a8be92443",
        "type": "github"
      },
      "original": {
        "owner": "juspay",
        "repo": "services-flake",
        "type": "github"
      }
    },
    "systems": {
      "locked": {
        "lastModified": 1681028828,
        "narHash": "sha256-Vy1rq5AaRuLzOxct8nz4T6wlgyUR7zLU309k9mBC768=",
        "owner": "nix-systems",
        "repo": "default",
        "rev": "da67096a3b9bf56a91d16901293e51ba5b49a27e",
        "type": "github"
      },
      "original": {
        "owner": "nix-systems",
        "repo": "default",
        "type": "github"
      }
    }
  },
  "root": "root",
  "version": 7
}
