{
  "nodes": {
    "advisory-db": {
      "flake": false,
      "locked": {
        "lastModified": 1728429239,
        "narHash": "sha256-k1KRRgmfKNhO9eU55FMkkzkneqAlwz5oLC5NSiEfGxs=",
        "owner": "rustsec",
        "repo": "advisory-db",
        "rev": "acb7ce45817b13dd34cb32540ff18be4e1f3ba09",
        "type": "github"
      },
      "original": {
        "owner": "rustsec",
        "repo": "advisory-db",
        "type": "github"
      }
    },
    "crane": {
      "locked": {
        "lastModified": 1728344376,
        "narHash": "sha256-lxTce2XE6mfJH8Zk6yBbqsbu9/jpwdymbSH5cCbiVOA=",
        "owner": "ipetkov",
        "repo": "crane",
        "rev": "fd86b78f5f35f712c72147427b1eb81a9bd55d0b",
        "type": "github"
      },
      "original": {
        "owner": "ipetkov",
        "repo": "crane",
        "type": "github"
      }
    },
    "fenix": {
      "inputs": {
        "nixpkgs": [
          "nixpkgs"
        ],
        "rust-analyzer-src": "rust-analyzer-src"
      },
      "locked": {
        "lastModified": 1728714564,
        "narHash": "sha256-CciuT/8HI/BR+y+W2/FyHRDpchbKQ9wA8ABJiio0CE8=",
        "owner": "nix-community",
        "repo": "fenix",
        "rev": "ea96690b28eb5a859d28bcf02887a26e3854e4f3",
        "type": "github"
      },
      "original": {
        "owner": "nix-community",
        "repo": "fenix",
        "type": "github"
      }
    },
    "flake-parts": {
      "inputs": {
        "nixpkgs-lib": "nixpkgs-lib"
      },
      "locked": {
        "lastModified": 1727826117,
        "narHash": "sha256-K5ZLCyfO/Zj9mPFldf3iwS6oZStJcU4tSpiXTMYaaL0=",
        "owner": "hercules-ci",
        "repo": "flake-parts",
        "rev": "3d04084d54bedc3d6b8b736c70ef449225c361b1",
        "type": "github"
      },
      "original": {
        "owner": "hercules-ci",
        "repo": "flake-parts",
        "type": "github"
      }
    },
    "nix-filter": {
      "locked": {
        "lastModified": 1710156097,
        "narHash": "sha256-1Wvk8UP7PXdf8bCCaEoMnOT1qe5/Duqgj+rL8sRQsSM=",
        "owner": "numtide",
        "repo": "nix-filter",
        "rev": "3342559a24e85fc164b295c3444e8a139924675b",
        "type": "github"
      },
      "original": {
        "owner": "numtide",
        "repo": "nix-filter",
        "type": "github"
      }
    },
    "nixpkgs": {
      "locked": {
        "lastModified": 1728492678,
        "narHash": "sha256-9UTxR8eukdg+XZeHgxW5hQA9fIKHsKCdOIUycTryeVw=",
        "owner": "NixOS",
        "repo": "nixpkgs",
        "rev": "5633bcff0c6162b9e4b5f1264264611e950c8ec7",
        "type": "github"
      },
      "original": {
        "owner": "NixOS",
        "ref": "nixos-unstable",
        "repo": "nixpkgs",
        "type": "github"
      }
    },
    "nixpkgs-lib": {
      "locked": {
        "lastModified": 1727825735,
        "narHash": "sha256-0xHYkMkeLVQAMa7gvkddbPqpxph+hDzdu1XdGPJR+Os=",
        "type": "tarball",
        "url": "https://github.com/NixOS/nixpkgs/archive/fb192fec7cc7a4c26d51779e9bab07ce6fa5597a.tar.gz"
      },
      "original": {
        "type": "tarball",
        "url": "https://github.com/NixOS/nixpkgs/archive/fb192fec7cc7a4c26d51779e9bab07ce6fa5597a.tar.gz"
      }
    },
    "nixpkgs_2": {
      "locked": {
        "lastModified": 1728492678,
        "narHash": "sha256-9UTxR8eukdg+XZeHgxW5hQA9fIKHsKCdOIUycTryeVw=",
        "owner": "NixOS",
        "repo": "nixpkgs",
        "rev": "5633bcff0c6162b9e4b5f1264264611e950c8ec7",
        "type": "github"
      },
      "original": {
        "owner": "NixOS",
        "ref": "nixos-unstable",
        "repo": "nixpkgs",
        "type": "github"
      }
    },
    "postmanerator": {
      "inputs": {
        "nixpkgs": "nixpkgs_2"
      },
      "locked": {
        "lastModified": 1728730570,
        "narHash": "sha256-2Z+4SvFwMPLW6sD070DKy5S3awmpV7EmZXxe9OCCX4Y=",
        "owner": "clemenscodes",
        "repo": "postmanerator",
        "rev": "951448f5138f0fa88c850fac37e705fe08ac12a8",
        "type": "github"
      },
      "original": {
        "owner": "clemenscodes",
        "repo": "postmanerator",
        "type": "github"
      }
    },
    "process-compose-flake": {
      "locked": {
        "lastModified": 1727723765,
        "narHash": "sha256-/3az0h2Zp02bjJQKliR0PEQiT+FMLOR1GumhH42jA4w=",
        "owner": "Platonic-Systems",
        "repo": "process-compose-flake",
        "rev": "22f2aeb7e0b88006d1d27065f8422f2790d99e47",
        "type": "github"
      },
      "original": {
        "owner": "Platonic-Systems",
        "repo": "process-compose-flake",
        "type": "github"
      }
    },
    "root": {
      "inputs": {
        "advisory-db": "advisory-db",
        "crane": "crane",
        "fenix": "fenix",
        "flake-parts": "flake-parts",
        "nix-filter": "nix-filter",
        "nixpkgs": "nixpkgs",
        "postmanerator": "postmanerator",
        "process-compose-flake": "process-compose-flake",
        "rust-overlay": "rust-overlay",
        "services-flake": "services-flake"
      }
    },
    "rust-analyzer-src": {
      "flake": false,
      "locked": {
        "lastModified": 1728505432,
        "narHash": "sha256-QFPMazeiGLo7AGy4RREmTgko0Quch/toMVKhGUjDEeo=",
        "owner": "rust-lang",
        "repo": "rust-analyzer",
        "rev": "0fb804acb375b02a3beeaceeb75b71969ef37b15",
        "type": "github"
      },
      "original": {
        "owner": "rust-lang",
        "ref": "nightly",
        "repo": "rust-analyzer",
        "type": "github"
      }
    },
    "rust-overlay": {
      "inputs": {
        "nixpkgs": [
          "nixpkgs"
        ]
      },
      "locked": {
        "lastModified": 1728700003,
        "narHash": "sha256-Ox1pvEHxLK6lAdaKQW21Zvk65SPDag+cD8YA444R/og=",
        "owner": "oxalica",
        "repo": "rust-overlay",
        "rev": "fc1e58ebabe0cef4442eedea07556ff0c9eafcfe",
        "type": "github"
      },
      "original": {
        "owner": "oxalica",
        "repo": "rust-overlay",
        "type": "github"
      }
    },
    "services-flake": {
      "locked": {
        "lastModified": 1728725120,
        "narHash": "sha256-QKis7GDObQ9EQSLEN8z7WFnwCLLimuzfYB4CzKngtQE=",
        "owner": "juspay",
        "repo": "services-flake",
        "rev": "0a3a5c7fcacb2852b578924bfe69037dee16547e",
        "type": "github"
      },
      "original": {
        "owner": "juspay",
        "repo": "services-flake",
        "type": "github"
      }
    }
  },
  "root": "root",
  "version": 7
}
